
Microsoft Visual Studio Solution File, Format Version 12.00
# Visual Studio Version 17
VisualStudioVersion = 17.10.35013.160
MinimumVisualStudioVersion = 10.0.40219.1
Project("{9A19103F-16F7-4668-BE54-9A1E7A4F7556}") = "BazorApi", "BazorApi\BazorApi.csproj", "{EFF1E1A5-BBC8-413B-A6B1-165AAAC4970A}"
EndProject
Project("{9A19103F-16F7-4668-BE54-9A1E7A4F7556}") = "BlazorApi.Api", "BlazorApi.Api\BlazorApi.Api.csproj", "{02CB4417-431D-4B78-90F6-76AE90A89EF3}"
EndProject
Project("{9A19103F-16F7-4668-BE54-9A1E7A4F7556}") = "BlazorApi.Repository", "BlazorApi.Repository\BlazorApi.Repository.csproj", "{5916F51E-D757-4A8C-9CE1-5BCC9615FD02}"
EndProject
Project("{FAE04EC0-301F-11D3-BF4B-00C04F79EFBC}") = "BlazorApi.Service", "BlazorApi.Service\BlazorApi.Service.csproj", "{0C942A98-A38C-4869-B653-64C31AFCE21E}"
EndProject
Global
	GlobalSection(SolutionConfigurationPlatforms) = preSolution
		Debug|Any CPU = Debug|Any CPU
		Release|Any CPU = Release|Any CPU
	EndGlobalSection
	GlobalSection(ProjectConfigurationPlatforms) = postSolution
		{EFF1E1A5-BBC8-413B-A6B1-165AAAC4970A}.Debug|Any CPU.ActiveCfg = Debug|Any CPU
		{EFF1E1A5-BBC8-413B-A6B1-165AAAC4970A}.Debug|Any CPU.Build.0 = Debug|Any CPU
		{EFF1E1A5-BBC8-413B-A6B1-165AAAC4970A}.Release|Any CPU.ActiveCfg = Release|Any CPU
		{EFF1E1A5-BBC8-413B-A6B1-165AAAC4970A}.Release|Any CPU.Build.0 = Release|Any CPU
		{02CB4417-431D-4B78-90F6-76AE90A89EF3}.Debug|Any CPU.ActiveCfg = Debug|Any CPU
		{02CB4417-431D-4B78-90F6-76AE90A89EF3}.Debug|Any CPU.Build.0 = Debug|Any CPU
		{02CB4417-431D-4B78-90F6-76AE90A89EF3}.Release|Any CPU.ActiveCfg = Release|Any CPU
		{02CB4417-431D-4B78-90F6-76AE90A89EF3}.Release|Any CPU.Build.0 = Release|Any CPU
		{5916F51E-D757-4A8C-9CE1-5BCC9615FD02}.Debug|Any CPU.ActiveCfg = Debug|Any CPU
		{5916F51E-D757-4A8C-9CE1-5BCC9615FD02}.Debug|Any CPU.Build.0 = Debug|Any CPU
		{5916F51E-D757-4A8C-9CE1-5BCC9615FD02}.Release|Any CPU.ActiveCfg = Release|Any CPU
		{5916F51E-D757-4A8C-9CE1-5BCC9615FD02}.Release|Any CPU.Build.0 = Release|Any CPU
		{0C942A98-A38C-4869-B653-64C31AFCE21E}.Debug|Any CPU.ActiveCfg = Debug|Any CPU
		{0C942A98-A38C-4869-B653-64C31AFCE21E}.Debug|Any CPU.Build.0 = Debug|Any CPU
		{0C942A98-A38C-4869-B653-64C31AFCE21E}.Release|Any CPU.ActiveCfg = Release|Any CPU
		{0C942A98-A38C-4869-B653-64C31AFCE21E}.Release|Any CPU.Build.0 = Release|Any CPU
	EndGlobalSection
	GlobalSection(SolutionProperties) = preSolution
		HideSolutionNode = FALSE
	EndGlobalSection
	GlobalSection(ExtensibilityGlobals) = postSolution
		SolutionGuid = {9EDE97FC-56A7-4783-A45C-35BFE3D852C9}
	EndGlobalSection
EndGlobal
